
Microsoft Visual Studio Solution File, Format Version 12.00
# Visual Studio Version 17
VisualStudioVersion = 17.0.32112.339
MinimumVisualStudioVersion = 10.0.40219.1
Project("{FAE04EC0-301F-11D3-BF4B-00C04F79EFBC}") = "AlgoPrograms", "AlgoPrograms\AlgoPrograms.csproj", "{B7F28E16-B6BF-47B6-9720-B89DA7A8EB4D}"
EndProject
Global
	GlobalSection(SolutionConfigurationPlatforms) = preSolution
		Debug|Any CPU = Debug|Any CPU
		Release|Any CPU = Release|Any CPU
	EndGlobalSection
	GlobalSection(ProjectConfigurationPlatforms) = postSolution
		{B7F28E16-B6BF-47B6-9720-B89DA7A8EB4D}.Debug|Any CPU.ActiveCfg = Debug|Any CPU
		{B7F28E16-B6BF-47B6-9720-B89DA7A8EB4D}.Debug|Any CPU.Build.0 = Debug|Any CPU
		{B7F28E16-B6BF-47B6-9720-B89DA7A8EB4D}.Release|Any CPU.ActiveCfg = Release|Any CPU
		{B7F28E16-B6BF-47B6-9720-B89DA7A8EB4D}.Release|Any CPU.Build.0 = Release|Any CPU
	EndGlobalSection
	GlobalSection(SolutionProperties) = preSolution
		HideSolutionNode = FALSE
	EndGlobalSection
	GlobalSection(ExtensibilityGlobals) = postSolution
		SolutionGuid = {7B51CA64-9BB1-4364-83D3-FD1F2E7986A2}
	EndGlobalSection
EndGlobal
